
Microsoft Visual Studio Solution File, Format Version 12.00
# Visual Studio Version 16
VisualStudioVersion = 16.0.30907.101
MinimumVisualStudioVersion = 10.0.40219.1
Project("{FAE04EC0-301F-11D3-BF4B-00C04F79EFBC}") = "DevEvents.API", "DevEvents.API\DevEvents.API.csproj", "{DBE234BC-1E19-4AD5-9AC7-3CCCD661AE00}"
EndProject
Global
	GlobalSection(SolutionConfigurationPlatforms) = preSolution
		Debug|Any CPU = Debug|Any CPU
		Release|Any CPU = Release|Any CPU
	EndGlobalSection
	GlobalSection(ProjectConfigurationPlatforms) = postSolution
		{DBE234BC-1E19-4AD5-9AC7-3CCCD661AE00}.Debug|Any CPU.ActiveCfg = Debug|Any CPU
		{DBE234BC-1E19-4AD5-9AC7-3CCCD661AE00}.Debug|Any CPU.Build.0 = Debug|Any CPU
		{DBE234BC-1E19-4AD5-9AC7-3CCCD661AE00}.Release|Any CPU.ActiveCfg = Release|Any CPU
		{DBE234BC-1E19-4AD5-9AC7-3CCCD661AE00}.Release|Any CPU.Build.0 = Release|Any CPU
	EndGlobalSection
	GlobalSection(SolutionProperties) = preSolution
		HideSolutionNode = FALSE
	EndGlobalSection
	GlobalSection(ExtensibilityGlobals) = postSolution
		SolutionGuid = {CFB0F4E5-6DD1-4790-86F9-4478357118F3}
	EndGlobalSection
EndGlobal
